
Microsoft Visual Studio Solution File, Format Version 12.00
# Visual Studio Version 17
VisualStudioVersion = 17.1.32210.238
MinimumVisualStudioVersion = 10.0.40219.1
Project("{FAE04EC0-301F-11D3-BF4B-00C04F79EFBC}") = "WebAPI", "WebAPI\WebAPI.csproj", "{2F2C24C7-16DC-404B-86EB-29F027EF051B}"
EndProject
Project("{FAE04EC0-301F-11D3-BF4B-00C04F79EFBC}") = "WebAppMVC", "WebAppMVC\WebAppMVC.csproj", "{B53D01F7-C9F5-471F-8D94-49680BD00CA7}"
EndProject
Global
	GlobalSection(SolutionConfigurationPlatforms) = preSolution
		Debug|Any CPU = Debug|Any CPU
		Release|Any CPU = Release|Any CPU
	EndGlobalSection
	GlobalSection(ProjectConfigurationPlatforms) = postSolution
		{2F2C24C7-16DC-404B-86EB-29F027EF051B}.Debug|Any CPU.ActiveCfg = Debug|Any CPU
		{2F2C24C7-16DC-404B-86EB-29F027EF051B}.Debug|Any CPU.Build.0 = Debug|Any CPU
		{2F2C24C7-16DC-404B-86EB-29F027EF051B}.Release|Any CPU.ActiveCfg = Release|Any CPU
		{2F2C24C7-16DC-404B-86EB-29F027EF051B}.Release|Any CPU.Build.0 = Release|Any CPU
		{B53D01F7-C9F5-471F-8D94-49680BD00CA7}.Debug|Any CPU.ActiveCfg = Debug|Any CPU
		{B53D01F7-C9F5-471F-8D94-49680BD00CA7}.Debug|Any CPU.Build.0 = Debug|Any CPU
		{B53D01F7-C9F5-471F-8D94-49680BD00CA7}.Release|Any CPU.ActiveCfg = Release|Any CPU
		{B53D01F7-C9F5-471F-8D94-49680BD00CA7}.Release|Any CPU.Build.0 = Release|Any CPU
	EndGlobalSection
	GlobalSection(SolutionProperties) = preSolution
		HideSolutionNode = FALSE
	EndGlobalSection
	GlobalSection(ExtensibilityGlobals) = postSolution
		SolutionGuid = {97EF3E42-A952-4999-ABF2-903E529F7A95}
	EndGlobalSection
EndGlobal
